// !$*UTF8*$!
{
	archiveVersion = 1;
	classes = {
	};
	objectVersion = 56;
	objects = {

/* Begin PBXBuildFile section */
		0063633C13FA419C4D30BFA6 /* Pods_SnapshotTestingTut_SnapshotTestingTutUITests.framework in Frameworks */ = {isa = PBXBuildFile; fileRef = DAAEFF9D14EABAA55B054122 /* Pods_SnapshotTestingTut_SnapshotTestingTutUITests.framework */; };
		B12E29C293DEB0B9ED6247F3 /* Pods_SnapshotTestingTutTests.framework in Frameworks */ = {isa = PBXBuildFile; fileRef = 7A28E8672B8D9F5D0FCD803A /* Pods_SnapshotTestingTutTests.framework */; };
		C4D0A6001802FC869AB497B5 /* Pods_SnapshotTestingTut.framework in Frameworks */ = {isa = PBXBuildFile; fileRef = 242EC1440AEE46887645C498 /* Pods_SnapshotTestingTut.framework */; };
		DE09554F29ED46F00026FE36 /* AppDelegate.swift in Sources */ = {isa = PBXBuildFile; fileRef = DE09554E29ED46F00026FE36 /* AppDelegate.swift */; };
		DE09555129ED46F00026FE36 /* SceneDelegate.swift in Sources */ = {isa = PBXBuildFile; fileRef = DE09555029ED46F00026FE36 /* SceneDelegate.swift */; };
		DE09555329ED46F00026FE36 /* ViewController.swift in Sources */ = {isa = PBXBuildFile; fileRef = DE09555229ED46F00026FE36 /* ViewController.swift */; };
		DE09555629ED46F00026FE36 /* Main.storyboard in Resources */ = {isa = PBXBuildFile; fileRef = DE09555429ED46F00026FE36 /* Main.storyboard */; };
		DE09555829ED46F10026FE36 /* Assets.xcassets in Resources */ = {isa = PBXBuildFile; fileRef = DE09555729ED46F10026FE36 /* Assets.xcassets */; };
		DE09555B29ED46F10026FE36 /* LaunchScreen.storyboard in Resources */ = {isa = PBXBuildFile; fileRef = DE09555929ED46F10026FE36 /* LaunchScreen.storyboard */; };
		DE09556629ED46F10026FE36 /* SnapshotTestingTutTests.swift in Sources */ = {isa = PBXBuildFile; fileRef = DE09556529ED46F10026FE36 /* SnapshotTestingTutTests.swift */; };
		DE09557029ED46F10026FE36 /* SnapshotTestingTutUITests.swift in Sources */ = {isa = PBXBuildFile; fileRef = DE09556F29ED46F10026FE36 /* SnapshotTestingTutUITests.swift */; };
		DE09557229ED46F10026FE36 /* SnapshotTestingTutUITestsLaunchTests.swift in Sources */ = {isa = PBXBuildFile; fileRef = DE09557129ED46F10026FE36 /* SnapshotTestingTutUITestsLaunchTests.swift */; };
/* End PBXBuildFile section */

/* Begin PBXContainerItemProxy section */
		DE09556229ED46F10026FE36 /* PBXContainerItemProxy */ = {
			isa = PBXContainerItemProxy;
			containerPortal = DE09554329ED46F00026FE36 /* Project object */;
			proxyType = 1;
			remoteGlobalIDString = DE09554A29ED46F00026FE36;
			remoteInfo = SnapshotTestingTut;
		};
		DE09556C29ED46F10026FE36 /* PBXContainerItemProxy */ = {
			isa = PBXContainerItemProxy;
			containerPortal = DE09554329ED46F00026FE36 /* Project object */;
			proxyType = 1;
			remoteGlobalIDString = DE09554A29ED46F00026FE36;
			remoteInfo = SnapshotTestingTut;
		};
/* End PBXContainerItemProxy section */

/* Begin PBXFileReference section */
		051843438D998FD39572E759 /* Pods-SnapshotTestingTut.debug.xcconfig */ = {isa = PBXFileReference; includeInIndex = 1; lastKnownFileType = text.xcconfig; name = "Pods-SnapshotTestingTut.debug.xcconfig"; path = "Target Support Files/Pods-SnapshotTestingTut/Pods-SnapshotTestingTut.debug.xcconfig"; sourceTree = "<group>"; };
		242EC1440AEE46887645C498 /* Pods_SnapshotTestingTut.framework */ = {isa = PBXFileReference; explicitFileType = wrapper.framework; includeInIndex = 0; path = Pods_SnapshotTestingTut.framework; sourceTree = BUILT_PRODUCTS_DIR; };
		2441FC98AD98B5294E6333CE /* Pods-SnapshotTestingTut.release.xcconfig */ = {isa = PBXFileReference; includeInIndex = 1; lastKnownFileType = text.xcconfig; name = "Pods-SnapshotTestingTut.release.xcconfig"; path = "Target Support Files/Pods-SnapshotTestingTut/Pods-SnapshotTestingTut.release.xcconfig"; sourceTree = "<group>"; };
		27022F62CD1958340D78EF3E /* Pods-SnapshotTestingTut-SnapshotTestingTutUITests.debug.xcconfig */ = {isa = PBXFileReference; includeInIndex = 1; lastKnownFileType = text.xcconfig; name = "Pods-SnapshotTestingTut-SnapshotTestingTutUITests.debug.xcconfig"; path = "Target Support Files/Pods-SnapshotTestingTut-SnapshotTestingTutUITests/Pods-SnapshotTestingTut-SnapshotTestingTutUITests.debug.xcconfig"; sourceTree = "<group>"; };
		355621C7A66D7B6CA245376B /* Pods-SnapshotTestingTut-SnapshotTestingTutUITests.release.xcconfig */ = {isa = PBXFileReference; includeInIndex = 1; lastKnownFileType = text.xcconfig; name = "Pods-SnapshotTestingTut-SnapshotTestingTutUITests.release.xcconfig"; path = "Target Support Files/Pods-SnapshotTestingTut-SnapshotTestingTutUITests/Pods-SnapshotTestingTut-SnapshotTestingTutUITests.release.xcconfig"; sourceTree = "<group>"; };
		5FBAA9AC69F48F85057B5AB3 /* Pods-SnapshotTestingTutTests.release.xcconfig */ = {isa = PBXFileReference; includeInIndex = 1; lastKnownFileType = text.xcconfig; name = "Pods-SnapshotTestingTutTests.release.xcconfig"; path = "Target Support Files/Pods-SnapshotTestingTutTests/Pods-SnapshotTestingTutTests.release.xcconfig"; sourceTree = "<group>"; };
		7A28E8672B8D9F5D0FCD803A /* Pods_SnapshotTestingTutTests.framework */ = {isa = PBXFileReference; explicitFileType = wrapper.framework; includeInIndex = 0; path = Pods_SnapshotTestingTutTests.framework; sourceTree = BUILT_PRODUCTS_DIR; };
		9CD4371C403A6928D06C0169 /* Pods-SnapshotTestingTutTests.debug.xcconfig */ = {isa = PBXFileReference; includeInIndex = 1; lastKnownFileType = text.xcconfig; name = "Pods-SnapshotTestingTutTests.debug.xcconfig"; path = "Target Support Files/Pods-SnapshotTestingTutTests/Pods-SnapshotTestingTutTests.debug.xcconfig"; sourceTree = "<group>"; };
		DAAEFF9D14EABAA55B054122 /* Pods_SnapshotTestingTut_SnapshotTestingTutUITests.framework */ = {isa = PBXFileReference; explicitFileType = wrapper.framework; includeInIndex = 0; path = Pods_SnapshotTestingTut_SnapshotTestingTutUITests.framework; sourceTree = BUILT_PRODUCTS_DIR; };
		DE09554B29ED46F00026FE36 /* SnapshotTestingTut.app */ = {isa = PBXFileReference; explicitFileType = wrapper.application; includeInIndex = 0; path = SnapshotTestingTut.app; sourceTree = BUILT_PRODUCTS_DIR; };
		DE09554E29ED46F00026FE36 /* AppDelegate.swift */ = {isa = PBXFileReference; lastKnownFileType = sourcecode.swift; path = AppDelegate.swift; sourceTree = "<group>"; };
		DE09555029ED46F00026FE36 /* SceneDelegate.swift */ = {isa = PBXFileReference; lastKnownFileType = sourcecode.swift; path = SceneDelegate.swift; sourceTree = "<group>"; };
		DE09555229ED46F00026FE36 /* ViewController.swift */ = {isa = PBXFileReference; lastKnownFileType = sourcecode.swift; path = ViewController.swift; sourceTree = "<group>"; };
		DE09555529ED46F00026FE36 /* Base */ = {isa = PBXFileReference; lastKnownFileType = file.storyboard; name = Base; path = Base.lproj/Main.storyboard; sourceTree = "<group>"; };
		DE09555729ED46F10026FE36 /* Assets.xcassets */ = {isa = PBXFileReference; lastKnownFileType = folder.assetcatalog; path = Assets.xcassets; sourceTree = "<group>"; };
		DE09555A29ED46F10026FE36 /* Base */ = {isa = PBXFileReference; lastKnownFileType = file.storyboard; name = Base; path = Base.lproj/LaunchScreen.storyboard; sourceTree = "<group>"; };
		DE09555C29ED46F10026FE36 /* Info.plist */ = {isa = PBXFileReference; lastKnownFileType = text.plist.xml; path = Info.plist; sourceTree = "<group>"; };
		DE09556129ED46F10026FE36 /* SnapshotTestingTutTests.xctest */ = {isa = PBXFileReference; explicitFileType = wrapper.cfbundle; includeInIndex = 0; path = SnapshotTestingTutTests.xctest; sourceTree = BUILT_PRODUCTS_DIR; };
		DE09556529ED46F10026FE36 /* SnapshotTestingTutTests.swift */ = {isa = PBXFileReference; lastKnownFileType = sourcecode.swift; path = SnapshotTestingTutTests.swift; sourceTree = "<group>"; };
		DE09556B29ED46F10026FE36 /* SnapshotTestingTutUITests.xctest */ = {isa = PBXFileReference; explicitFileType = wrapper.cfbundle; includeInIndex = 0; path = SnapshotTestingTutUITests.xctest; sourceTree = BUILT_PRODUCTS_DIR; };
		DE09556F29ED46F10026FE36 /* SnapshotTestingTutUITests.swift */ = {isa = PBXFileReference; lastKnownFileType = sourcecode.swift; path = SnapshotTestingTutUITests.swift; sourceTree = "<group>"; };
		DE09557129ED46F10026FE36 /* SnapshotTestingTutUITestsLaunchTests.swift */ = {isa = PBXFileReference; lastKnownFileType = sourcecode.swift; path = SnapshotTestingTutUITestsLaunchTests.swift; sourceTree = "<group>"; };
/* End PBXFileReference section */

/* Begin PBXFrameworksBuildPhase section */
		DE09554829ED46F00026FE36 /* Frameworks */ = {
			isa = PBXFrameworksBuildPhase;
			buildActionMask = 2147483647;
			files = (
				C4D0A6001802FC869AB497B5 /* Pods_SnapshotTestingTut.framework in Frameworks */,
			);
			runOnlyForDeploymentPostprocessing = 0;
		};
		DE09555E29ED46F10026FE36 /* Frameworks */ = {
			isa = PBXFrameworksBuildPhase;
			buildActionMask = 2147483647;
			files = (
				B12E29C293DEB0B9ED6247F3 /* Pods_SnapshotTestingTutTests.framework in Frameworks */,
			);
			runOnlyForDeploymentPostprocessing = 0;
		};
		DE09556829ED46F10026FE36 /* Frameworks */ = {
			isa = PBXFrameworksBuildPhase;
			buildActionMask = 2147483647;
			files = (
				0063633C13FA419C4D30BFA6 /* Pods_SnapshotTestingTut_SnapshotTestingTutUITests.framework in Frameworks */,
			);
			runOnlyForDeploymentPostprocessing = 0;
		};
/* End PBXFrameworksBuildPhase section */

/* Begin PBXGroup section */
		9EB773CF7B497827A20EF9CD /* Pods */ = {
			isa = PBXGroup;
			children = (
				051843438D998FD39572E759 /* Pods-SnapshotTestingTut.debug.xcconfig */,
				2441FC98AD98B5294E6333CE /* Pods-SnapshotTestingTut.release.xcconfig */,
				27022F62CD1958340D78EF3E /* Pods-SnapshotTestingTut-SnapshotTestingTutUITests.debug.xcconfig */,
				355621C7A66D7B6CA245376B /* Pods-SnapshotTestingTut-SnapshotTestingTutUITests.release.xcconfig */,
				9CD4371C403A6928D06C0169 /* Pods-SnapshotTestingTutTests.debug.xcconfig */,
				5FBAA9AC69F48F85057B5AB3 /* Pods-SnapshotTestingTutTests.release.xcconfig */,
			);
			name = Pods;
			path = Pods;
			sourceTree = "<group>";
		};
		DE09554229ED46F00026FE36 = {
			isa = PBXGroup;
			children = (
				DE09554D29ED46F00026FE36 /* SnapshotTestingTut */,
				DE09556429ED46F10026FE36 /* SnapshotTestingTutTests */,
				DE09556E29ED46F10026FE36 /* SnapshotTestingTutUITests */,
				DE09554C29ED46F00026FE36 /* Products */,
				9EB773CF7B497827A20EF9CD /* Pods */,
				ED0B97A31E9C1BFB9A878E66 /* Frameworks */,
			);
			sourceTree = "<group>";
		};
		DE09554C29ED46F00026FE36 /* Products */ = {
			isa = PBXGroup;
			children = (
				DE09554B29ED46F00026FE36 /* SnapshotTestingTut.app */,
				DE09556129ED46F10026FE36 /* SnapshotTestingTutTests.xctest */,
				DE09556B29ED46F10026FE36 /* SnapshotTestingTutUITests.xctest */,
			);
			name = Products;
			sourceTree = "<group>";
		};
		DE09554D29ED46F00026FE36 /* SnapshotTestingTut */ = {
			isa = PBXGroup;
			children = (
				DE09554E29ED46F00026FE36 /* AppDelegate.swift */,
				DE09555029ED46F00026FE36 /* SceneDelegate.swift */,
				DE09555229ED46F00026FE36 /* ViewController.swift */,
				DE09555429ED46F00026FE36 /* Main.storyboard */,
				DE09555729ED46F10026FE36 /* Assets.xcassets */,
				DE09555929ED46F10026FE36 /* LaunchScreen.storyboard */,
				DE09555C29ED46F10026FE36 /* Info.plist */,
			);
			path = SnapshotTestingTut;
			sourceTree = "<group>";
		};
		DE09556429ED46F10026FE36 /* SnapshotTestingTutTests */ = {
			isa = PBXGroup;
			children = (
				DE09556529ED46F10026FE36 /* SnapshotTestingTutTests.swift */,
			);
			path = SnapshotTestingTutTests;
			sourceTree = "<group>";
		};
		DE09556E29ED46F10026FE36 /* SnapshotTestingTutUITests */ = {
			isa = PBXGroup;
			children = (
				DE09556F29ED46F10026FE36 /* SnapshotTestingTutUITests.swift */,
				DE09557129ED46F10026FE36 /* SnapshotTestingTutUITestsLaunchTests.swift */,
			);
			path = SnapshotTestingTutUITests;
			sourceTree = "<group>";
		};
		ED0B97A31E9C1BFB9A878E66 /* Frameworks */ = {
			isa = PBXGroup;
			children = (
				242EC1440AEE46887645C498 /* Pods_SnapshotTestingTut.framework */,
				DAAEFF9D14EABAA55B054122 /* Pods_SnapshotTestingTut_SnapshotTestingTutUITests.framework */,
				7A28E8672B8D9F5D0FCD803A /* Pods_SnapshotTestingTutTests.framework */,
			);
			name = Frameworks;
			sourceTree = "<group>";
		};
/* End PBXGroup section */

/* Begin PBXNativeTarget section */
		DE09554A29ED46F00026FE36 /* SnapshotTestingTut */ = {
			isa = PBXNativeTarget;
			buildConfigurationList = DE09557529ED46F10026FE36 /* Build configuration list for PBXNativeTarget "SnapshotTestingTut" */;
			buildPhases = (
				876FF46851A60FF6678AD39A /* [CP] Check Pods Manifest.lock */,
				DE09554729ED46F00026FE36 /* Sources */,
				DE09554829ED46F00026FE36 /* Frameworks */,
				DE09554929ED46F00026FE36 /* Resources */,
			);
			buildRules = (
			);
			dependencies = (
			);
			name = SnapshotTestingTut;
			productName = SnapshotTestingTut;
			productReference = DE09554B29ED46F00026FE36 /* SnapshotTestingTut.app */;
			productType = "com.apple.product-type.application";
		};
		DE09556029ED46F10026FE36 /* SnapshotTestingTutTests */ = {
			isa = PBXNativeTarget;
			buildConfigurationList = DE09557829ED46F10026FE36 /* Build configuration list for PBXNativeTarget "SnapshotTestingTutTests" */;
			buildPhases = (
				13D44B4A34426C26352C52A3 /* [CP] Check Pods Manifest.lock */,
				DE09555D29ED46F10026FE36 /* Sources */,
				DE09555E29ED46F10026FE36 /* Frameworks */,
				DE09555F29ED46F10026FE36 /* Resources */,
				21DAD26A82D54BE75723913C /* [CP] Embed Pods Frameworks */,
			);
			buildRules = (
			);
			dependencies = (
				DE09556329ED46F10026FE36 /* PBXTargetDependency */,
			);
			name = SnapshotTestingTutTests;
			productName = SnapshotTestingTutTests;
			productReference = DE09556129ED46F10026FE36 /* SnapshotTestingTutTests.xctest */;
			productType = "com.apple.product-type.bundle.unit-test";
		};
		DE09556A29ED46F10026FE36 /* SnapshotTestingTutUITests */ = {
			isa = PBXNativeTarget;
			buildConfigurationList = DE09557B29ED46F10026FE36 /* Build configuration list for PBXNativeTarget "SnapshotTestingTutUITests" */;
			buildPhases = (
				5A353626A23F389A419C4492 /* [CP] Check Pods Manifest.lock */,
				DE09556729ED46F10026FE36 /* Sources */,
				DE09556829ED46F10026FE36 /* Frameworks */,
				DE09556929ED46F10026FE36 /* Resources */,
			);
			buildRules = (
			);
			dependencies = (
				DE09556D29ED46F10026FE36 /* PBXTargetDependency */,
			);
			name = SnapshotTestingTutUITests;
			productName = SnapshotTestingTutUITests;
			productReference = DE09556B29ED46F10026FE36 /* SnapshotTestingTutUITests.xctest */;
			productType = "com.apple.product-type.bundle.ui-testing";
		};
/* End PBXNativeTarget section */

/* Begin PBXProject section */
		DE09554329ED46F00026FE36 /* Project object */ = {
			isa = PBXProject;
			attributes = {
				BuildIndependentTargetsInParallel = 1;
				LastSwiftUpdateCheck = 1430;
				LastUpgradeCheck = 1430;
				TargetAttributes = {
					DE09554A29ED46F00026FE36 = {
						CreatedOnToolsVersion = 14.3;
					};
					DE09556029ED46F10026FE36 = {
						CreatedOnToolsVersion = 14.3;
						TestTargetID = DE09554A29ED46F00026FE36;
					};
					DE09556A29ED46F10026FE36 = {
						CreatedOnToolsVersion = 14.3;
						TestTargetID = DE09554A29ED46F00026FE36;
					};
				};
			};
			buildConfigurationList = DE09554629ED46F00026FE36 /* Build configuration list for PBXProject "SnapshotTestingTut" */;
			compatibilityVersion = "Xcode 14.0";
			developmentRegion = en;
			hasScannedForEncodings = 0;
			knownRegions = (
				en,
				Base,
			);
			mainGroup = DE09554229ED46F00026FE36;
			productRefGroup = DE09554C29ED46F00026FE36 /* Products */;
			projectDirPath = "";
			projectRoot = "";
			targets = (
				DE09554A29ED46F00026FE36 /* SnapshotTestingTut */,
				DE09556029ED46F10026FE36 /* SnapshotTestingTutTests */,
				DE09556A29ED46F10026FE36 /* SnapshotTestingTutUITests */,
			);
		};
/* End PBXProject section */

/* Begin PBXResourcesBuildPhase section */
		DE09554929ED46F00026FE36 /* Resources */ = {
			isa = PBXResourcesBuildPhase;
			buildActionMask = 2147483647;
			files = (
				DE09555B29ED46F10026FE36 /* LaunchScreen.storyboard in Resources */,
				DE09555829ED46F10026FE36 /* Assets.xcassets in Resources */,
				DE09555629ED46F00026FE36 /* Main.storyboard in Resources */,
			);
			runOnlyForDeploymentPostprocessing = 0;
		};
		DE09555F29ED46F10026FE36 /* Resources */ = {
			isa = PBXResourcesBuildPhase;
			buildActionMask = 2147483647;
			files = (
			);
			runOnlyForDeploymentPostprocessing = 0;
		};
		DE09556929ED46F10026FE36 /* Resources */ = {
			isa = PBXResourcesBuildPhase;
			buildActionMask = 2147483647;
			files = (
			);
			runOnlyForDeploymentPostprocessing = 0;
		};
/* End PBXResourcesBuildPhase section */

/* Begin PBXShellScriptBuildPhase section */
		13D44B4A34426C26352C52A3 /* [CP] Check Pods Manifest.lock */ = {
			isa = PBXShellScriptBuildPhase;
			buildActionMask = 2147483647;
			files = (
			);
			inputFileListPaths = (
			);
			inputPaths = (
				"${PODS_PODFILE_DIR_PATH}/Podfile.lock",
				"${PODS_ROOT}/Manifest.lock",
			);
			name = "[CP] Check Pods Manifest.lock";
			outputFileListPaths = (
			);
			outputPaths = (
				"$(DERIVED_FILE_DIR)/Pods-SnapshotTestingTutTests-checkManifestLockResult.txt",
			);
			runOnlyForDeploymentPostprocessing = 0;
			shellPath = /bin/sh;
			shellScript = "diff \"${PODS_PODFILE_DIR_PATH}/Podfile.lock\" \"${PODS_ROOT}/Manifest.lock\" > /dev/null\nif [ $? != 0 ] ; then\n    # print error to STDERR\n    echo \"error: The sandbox is not in sync with the Podfile.lock. Run 'pod install' or update your CocoaPods installation.\" >&2\n    exit 1\nfi\n# This output is used by Xcode 'outputs' to avoid re-running this script phase.\necho \"SUCCESS\" > \"${SCRIPT_OUTPUT_FILE_0}\"\n";
			showEnvVarsInLog = 0;
		};
		21DAD26A82D54BE75723913C /* [CP] Embed Pods Frameworks */ = {
			isa = PBXShellScriptBuildPhase;
			buildActionMask = 2147483647;
			files = (
			);
			inputFileListPaths = (
				"${PODS_ROOT}/Target Support Files/Pods-SnapshotTestingTutTests/Pods-SnapshotTestingTutTests-frameworks-${CONFIGURATION}-input-files.xcfilelist",
			);
			name = "[CP] Embed Pods Frameworks";
			outputFileListPaths = (
				"${PODS_ROOT}/Target Support Files/Pods-SnapshotTestingTutTests/Pods-SnapshotTestingTutTests-frameworks-${CONFIGURATION}-output-files.xcfilelist",
			);
			runOnlyForDeploymentPostprocessing = 0;
			shellPath = /bin/sh;
			shellScript = "\"${PODS_ROOT}/Target Support Files/Pods-SnapshotTestingTutTests/Pods-SnapshotTestingTutTests-frameworks.sh\"\n";
			showEnvVarsInLog = 0;
		};
		5A353626A23F389A419C4492 /* [CP] Check Pods Manifest.lock */ = {
			isa = PBXShellScriptBuildPhase;
			buildActionMask = 2147483647;
			files = (
			);
			inputFileListPaths = (
			);
			inputPaths = (
				"${PODS_PODFILE_DIR_PATH}/Podfile.lock",
				"${PODS_ROOT}/Manifest.lock",
			);
			name = "[CP] Check Pods Manifest.lock";
			outputFileListPaths = (
			);
			outputPaths = (
				"$(DERIVED_FILE_DIR)/Pods-SnapshotTestingTut-SnapshotTestingTutUITests-checkManifestLockResult.txt",
			);
			runOnlyForDeploymentPostprocessing = 0;
			shellPath = /bin/sh;
			shellScript = "diff \"${PODS_PODFILE_DIR_PATH}/Podfile.lock\" \"${PODS_ROOT}/Manifest.lock\" > /dev/null\nif [ $? != 0 ] ; then\n    # print error to STDERR\n    echo \"error: The sandbox is not in sync with the Podfile.lock. Run 'pod install' or update your CocoaPods installation.\" >&2\n    exit 1\nfi\n# This output is used by Xcode 'outputs' to avoid re-running this script phase.\necho \"SUCCESS\" > \"${SCRIPT_OUTPUT_FILE_0}\"\n";
			showEnvVarsInLog = 0;
		};
		876FF46851A60FF6678AD39A /* [CP] Check Pods Manifest.lock */ = {
			isa = PBXShellScriptBuildPhase;
			buildActionMask = 2147483647;
			files = (
			);
			inputFileListPaths = (
			);
			inputPaths = (
				"${PODS_PODFILE_DIR_PATH}/Podfile.lock",
				"${PODS_ROOT}/Manifest.lock",
			);
			name = "[CP] Check Pods Manifest.lock";
			outputFileListPaths = (
			);
			outputPaths = (
				"$(DERIVED_FILE_DIR)/Pods-SnapshotTestingTut-checkManifestLockResult.txt",
			);
			runOnlyForDeploymentPostprocessing = 0;
			shellPath = /bin/sh;
			shellScript = "diff \"${PODS_PODFILE_DIR_PATH}/Podfile.lock\" \"${PODS_ROOT}/Manifest.lock\" > /dev/null\nif [ $? != 0 ] ; then\n    # print error to STDERR\n    echo \"error: The sandbox is not in sync with the Podfile.lock. Run 'pod install' or update your CocoaPods installation.\" >&2\n    exit 1\nfi\n# This output is used by Xcode 'outputs' to avoid re-running this script phase.\necho \"SUCCESS\" > \"${SCRIPT_OUTPUT_FILE_0}\"\n";
			showEnvVarsInLog = 0;
		};
/* End PBXShellScriptBuildPhase section */

/* Begin PBXSourcesBuildPhase section */
		DE09554729ED46F00026FE36 /* Sources */ = {
			isa = PBXSourcesBuildPhase;
			buildActionMask = 2147483647;
			files = (
				DE09555329ED46F00026FE36 /* ViewController.swift in Sources */,
				DE09554F29ED46F00026FE36 /* AppDelegate.swift in Sources */,
				DE09555129ED46F00026FE36 /* SceneDelegate.swift in Sources */,
			);
			runOnlyForDeploymentPostprocessing = 0;
		};
		DE09555D29ED46F10026FE36 /* Sources */ = {
			isa = PBXSourcesBuildPhase;
			buildActionMask = 2147483647;
			files = (
				DE09556629ED46F10026FE36 /* SnapshotTestingTutTests.swift in Sources */,
			);
			runOnlyForDeploymentPostprocessing = 0;
		};
		DE09556729ED46F10026FE36 /* Sources */ = {
			isa = PBXSourcesBuildPhase;
			buildActionMask = 2147483647;
			files = (
				DE09557029ED46F10026FE36 /* SnapshotTestingTutUITests.swift in Sources */,
				DE09557229ED46F10026FE36 /* SnapshotTestingTutUITestsLaunchTests.swift in Sources */,
			);
			runOnlyForDeploymentPostprocessing = 0;
		};
/* End PBXSourcesBuildPhase section */

/* Begin PBXTargetDependency section */
		DE09556329ED46F10026FE36 /* PBXTargetDependency */ = {
			isa = PBXTargetDependency;
			target = DE09554A29ED46F00026FE36 /* SnapshotTestingTut */;
			targetProxy = DE09556229ED46F10026FE36 /* PBXContainerItemProxy */;
		};
		DE09556D29ED46F10026FE36 /* PBXTargetDependency */ = {
			isa = PBXTargetDependency;
			target = DE09554A29ED46F00026FE36 /* SnapshotTestingTut */;
			targetProxy = DE09556C29ED46F10026FE36 /* PBXContainerItemProxy */;
		};
/* End PBXTargetDependency section */

/* Begin PBXVariantGroup section */
		DE09555429ED46F00026FE36 /* Main.storyboard */ = {
			isa = PBXVariantGroup;
			children = (
				DE09555529ED46F00026FE36 /* Base */,
			);
			name = Main.storyboard;
			sourceTree = "<group>";
		};
		DE09555929ED46F10026FE36 /* LaunchScreen.storyboard */ = {
			isa = PBXVariantGroup;
			children = (
				DE09555A29ED46F10026FE36 /* Base */,
			);
			name = LaunchScreen.storyboard;
			sourceTree = "<group>";
		};
/* End PBXVariantGroup section */

/* Begin XCBuildConfiguration section */
		DE09557329ED46F10026FE36 /* Debug */ = {
			isa = XCBuildConfiguration;
			buildSettings = {
				ALWAYS_SEARCH_USER_PATHS = NO;
				CLANG_ANALYZER_NONNULL = YES;
				CLANG_ANALYZER_NUMBER_OBJECT_CONVERSION = YES_AGGRESSIVE;
				CLANG_CXX_LANGUAGE_STANDARD = "gnu++20";
				CLANG_ENABLE_MODULES = YES;
				CLANG_ENABLE_OBJC_ARC = YES;
				CLANG_ENABLE_OBJC_WEAK = YES;
				CLANG_WARN_BLOCK_CAPTURE_AUTORELEASING = YES;
				CLANG_WARN_BOOL_CONVERSION = YES;
				CLANG_WARN_COMMA = YES;
				CLANG_WARN_CONSTANT_CONVERSION = YES;
				CLANG_WARN_DEPRECATED_OBJC_IMPLEMENTATIONS = YES;
				CLANG_WARN_DIRECT_OBJC_ISA_USAGE = YES_ERROR;
				CLANG_WARN_DOCUMENTATION_COMMENTS = YES;
				CLANG_WARN_EMPTY_BODY = YES;
				CLANG_WARN_ENUM_CONVERSION = YES;
				CLANG_WARN_INFINITE_RECURSION = YES;
				CLANG_WARN_INT_CONVERSION = YES;
				CLANG_WARN_NON_LITERAL_NULL_CONVERSION = YES;
				CLANG_WARN_OBJC_IMPLICIT_RETAIN_SELF = YES;
				CLANG_WARN_OBJC_LITERAL_CONVERSION = YES;
				CLANG_WARN_OBJC_ROOT_CLASS = YES_ERROR;
				CLANG_WARN_QUOTED_INCLUDE_IN_FRAMEWORK_HEADER = YES;
				CLANG_WARN_RANGE_LOOP_ANALYSIS = YES;
				CLANG_WARN_STRICT_PROTOTYPES = YES;
				CLANG_WARN_SUSPICIOUS_MOVE = YES;
				CLANG_WARN_UNGUARDED_AVAILABILITY = YES_AGGRESSIVE;
				CLANG_WARN_UNREACHABLE_CODE = YES;
				CLANG_WARN__DUPLICATE_METHOD_MATCH = YES;
				COPY_PHASE_STRIP = NO;
				DEBUG_INFORMATION_FORMAT = dwarf;
				ENABLE_STRICT_OBJC_MSGSEND = YES;
				ENABLE_TESTABILITY = YES;
				GCC_C_LANGUAGE_STANDARD = gnu11;
				GCC_DYNAMIC_NO_PIC = NO;
				GCC_NO_COMMON_BLOCKS = YES;
				GCC_OPTIMIZATION_LEVEL = 0;
				GCC_PREPROCESSOR_DEFINITIONS = (
					"DEBUG=1",
					"$(inherited)",
				);
				GCC_WARN_64_TO_32_BIT_CONVERSION = YES;
				GCC_WARN_ABOUT_RETURN_TYPE = YES_ERROR;
				GCC_WARN_UNDECLARED_SELECTOR = YES;
				GCC_WARN_UNINITIALIZED_AUTOS = YES_AGGRESSIVE;
				GCC_WARN_UNUSED_FUNCTION = YES;
				GCC_WARN_UNUSED_VARIABLE = YES;
				IPHONEOS_DEPLOYMENT_TARGET = 16.4;
				MTL_ENABLE_DEBUG_INFO = INCLUDE_SOURCE;
				MTL_FAST_MATH = YES;
				ONLY_ACTIVE_ARCH = YES;
				SDKROOT = iphoneos;
				SWIFT_ACTIVE_COMPILATION_CONDITIONS = DEBUG;
				SWIFT_OPTIMIZATION_LEVEL = "-Onone";
			};
			name = Debug;
		};
		DE09557429ED46F10026FE36 /* Release */ = {
			isa = XCBuildConfiguration;
			buildSettings = {
				ALWAYS_SEARCH_USER_PATHS = NO;
				CLANG_ANALYZER_NONNULL = YES;
				CLANG_ANALYZER_NUMBER_OBJECT_CONVERSION = YES_AGGRESSIVE;
				CLANG_CXX_LANGUAGE_STANDARD = "gnu++20";
				CLANG_ENABLE_MODULES = YES;
				CLANG_ENABLE_OBJC_ARC = YES;
				CLANG_ENABLE_OBJC_WEAK = YES;
				CLANG_WARN_BLOCK_CAPTURE_AUTORELEASING = YES;
				CLANG_WARN_BOOL_CONVERSION = YES;
				CLANG_WARN_COMMA = YES;
				CLANG_WARN_CONSTANT_CONVERSION = YES;
				CLANG_WARN_DEPRECATED_OBJC_IMPLEMENTATIONS = YES;
				CLANG_WARN_DIRECT_OBJC_ISA_USAGE = YES_ERROR;
				CLANG_WARN_DOCUMENTATION_COMMENTS = YES;
				CLANG_WARN_EMPTY_BODY = YES;
				CLANG_WARN_ENUM_CONVERSION = YES;
				CLANG_WARN_INFINITE_RECURSION = YES;
				CLANG_WARN_INT_CONVERSION = YES;
				CLANG_WARN_NON_LITERAL_NULL_CONVERSION = YES;
				CLANG_WARN_OBJC_IMPLICIT_RETAIN_SELF = YES;
				CLANG_WARN_OBJC_LITERAL_CONVERSION = YES;
				CLANG_WARN_OBJC_ROOT_CLASS = YES_ERROR;
				CLANG_WARN_QUOTED_INCLUDE_IN_FRAMEWORK_HEADER = YES;
				CLANG_WARN_RANGE_LOOP_ANALYSIS = YES;
				CLANG_WARN_STRICT_PROTOTYPES = YES;
				CLANG_WARN_SUSPICIOUS_MOVE = YES;
				CLANG_WARN_UNGUARDED_AVAILABILITY = YES_AGGRESSIVE;
				CLANG_WARN_UNREACHABLE_CODE = YES;
				CLANG_WARN__DUPLICATE_METHOD_MATCH = YES;
				COPY_PHASE_STRIP = NO;
				DEBUG_INFORMATION_FORMAT = "dwarf-with-dsym";
				ENABLE_NS_ASSERTIONS = NO;
				ENABLE_STRICT_OBJC_MSGSEND = YES;
				GCC_C_LANGUAGE_STANDARD = gnu11;
				GCC_NO_COMMON_BLOCKS = YES;
				GCC_WARN_64_TO_32_BIT_CONVERSION = YES;
				GCC_WARN_ABOUT_RETURN_TYPE = YES_ERROR;
				GCC_WARN_UNDECLARED_SELECTOR = YES;
				GCC_WARN_UNINITIALIZED_AUTOS = YES_AGGRESSIVE;
				GCC_WARN_UNUSED_FUNCTION = YES;
				GCC_WARN_UNUSED_VARIABLE = YES;
				IPHONEOS_DEPLOYMENT_TARGET = 16.4;
				MTL_ENABLE_DEBUG_INFO = NO;
				MTL_FAST_MATH = YES;
				SDKROOT = iphoneos;
				SWIFT_COMPILATION_MODE = wholemodule;
				SWIFT_OPTIMIZATION_LEVEL = "-O";
				VALIDATE_PRODUCT = YES;
			};
			name = Release;
		};
		DE09557629ED46F10026FE36 /* Debug */ = {
			isa = XCBuildConfiguration;
			baseConfigurationReference = 051843438D998FD39572E759 /* Pods-SnapshotTestingTut.debug.xcconfig */;
			buildSettings = {
				ASSETCATALOG_COMPILER_APPICON_NAME = AppIcon;
				ASSETCATALOG_COMPILER_GLOBAL_ACCENT_COLOR_NAME = AccentColor;
				CODE_SIGN_STYLE = Automatic;
				CURRENT_PROJECT_VERSION = 1;
				GENERATE_INFOPLIST_FILE = YES;
				INFOPLIST_FILE = SnapshotTestingTut/Info.plist;
				INFOPLIST_KEY_UIApplicationSupportsIndirectInputEvents = YES;
				INFOPLIST_KEY_UILaunchStoryboardName = LaunchScreen;
				INFOPLIST_KEY_UIMainStoryboardFile = Main;
				INFOPLIST_KEY_UISupportedInterfaceOrientations_iPad = "UIInterfaceOrientationPortrait UIInterfaceOrientationPortraitUpsideDown UIInterfaceOrientationLandscapeLeft UIInterfaceOrientationLandscapeRight";
				INFOPLIST_KEY_UISupportedInterfaceOrientations_iPhone = "UIInterfaceOrientationPortrait UIInterfaceOrientationLandscapeLeft UIInterfaceOrientationLandscapeRight";
				LD_RUNPATH_SEARCH_PATHS = (
					"$(inherited)",
					"@executable_path/Frameworks",
				);
				MARKETING_VERSION = 1.0;
				PRODUCT_BUNDLE_IDENTIFIER = com.Bonginkosi.SnapshotTestingTut;
				PRODUCT_NAME = "$(TARGET_NAME)";
				SWIFT_EMIT_LOC_STRINGS = YES;
				SWIFT_VERSION = 5.0;
				TARGETED_DEVICE_FAMILY = "1,2";
			};
			name = Debug;
		};
		DE09557729ED46F10026FE36 /* Release */ = {
			isa = XCBuildConfiguration;
			baseConfigurationReference = 2441FC98AD98B5294E6333CE /* Pods-SnapshotTestingTut.release.xcconfig */;
			buildSettings = {
				ASSETCATALOG_COMPILER_APPICON_NAME = AppIcon;
				ASSETCATALOG_COMPILER_GLOBAL_ACCENT_COLOR_NAME = AccentColor;
				CODE_SIGN_STYLE = Automatic;
				CURRENT_PROJECT_VERSION = 1;
				GENERATE_INFOPLIST_FILE = YES;
				INFOPLIST_FILE = SnapshotTestingTut/Info.plist;
				INFOPLIST_KEY_UIApplicationSupportsIndirectInputEvents = YES;
				INFOPLIST_KEY_UILaunchStoryboardName = LaunchScreen;
				INFOPLIST_KEY_UIMainStoryboardFile = Main;
				INFOPLIST_KEY_UISupportedInterfaceOrientations_iPad = "UIInterfaceOrientationPortrait UIInterfaceOrientationPortraitUpsideDown UIInterfaceOrientationLandscapeLeft UIInterfaceOrientationLandscapeRight";
				INFOPLIST_KEY_UISupportedInterfaceOrientations_iPhone = "UIInterfaceOrientationPortrait UIInterfaceOrientationLandscapeLeft UIInterfaceOrientationLandscapeRight";
				LD_RUNPATH_SEARCH_PATHS = (
					"$(inherited)",
					"@executable_path/Frameworks",
				);
				MARKETING_VERSION = 1.0;
				PRODUCT_BUNDLE_IDENTIFIER = com.Bonginkosi.SnapshotTestingTut;
				PRODUCT_NAME = "$(TARGET_NAME)";
				SWIFT_EMIT_LOC_STRINGS = YES;
				SWIFT_VERSION = 5.0;
				TARGETED_DEVICE_FAMILY = "1,2";
			};
			name = Release;
		};
		DE09557929ED46F10026FE36 /* Debug */ = {
			isa = XCBuildConfiguration;
			baseConfigurationReference = 9CD4371C403A6928D06C0169 /* Pods-SnapshotTestingTutTests.debug.xcconfig */;
			buildSettings = {
				ALWAYS_EMBED_SWIFT_STANDARD_LIBRARIES = YES;
				BUNDLE_LOADER = "$(TEST_HOST)";
				CODE_SIGN_STYLE = Automatic;
				CURRENT_PROJECT_VERSION = 1;
				GENERATE_INFOPLIST_FILE = YES;
				IPHONEOS_DEPLOYMENT_TARGET = 16.4;
				MARKETING_VERSION = 1.0;
				PRODUCT_BUNDLE_IDENTIFIER = com.Bonginkosi.SnapshotTestingTutTests;
				PRODUCT_NAME = "$(TARGET_NAME)";
				SWIFT_EMIT_LOC_STRINGS = NO;
				SWIFT_VERSION = 5.0;
				TARGETED_DEVICE_FAMILY = "1,2";
				TEST_HOST = "$(BUILT_PRODUCTS_DIR)/SnapshotTestingTut.app/$(BUNDLE_EXECUTABLE_FOLDER_PATH)/SnapshotTestingTut";
			};
			name = Debug;
		};
		DE09557A29ED46F10026FE36 /* Release */ = {
			isa = XCBuildConfiguration;
			baseConfigurationReference = 5FBAA9AC69F48F85057B5AB3 /* Pods-SnapshotTestingTutTests.release.xcconfig */;
			buildSettings = {
				ALWAYS_EMBED_SWIFT_STANDARD_LIBRARIES = YES;
				BUNDLE_LOADER = "$(TEST_HOST)";
				CODE_SIGN_STYLE = Automatic;
				CURRENT_PROJECT_VERSION = 1;
				GENERATE_INFOPLIST_FILE = YES;
				IPHONEOS_DEPLOYMENT_TARGET = 16.4;
				MARKETING_VERSION = 1.0;
				PRODUCT_BUNDLE_IDENTIFIER = com.Bonginkosi.SnapshotTestingTutTests;
				PRODUCT_NAME = "$(TARGET_NAME)";
				SWIFT_EMIT_LOC_STRINGS = NO;
				SWIFT_VERSION = 5.0;
				TARGETED_DEVICE_FAMILY = "1,2";
				TEST_HOST = "$(BUILT_PRODUCTS_DIR)/SnapshotTestingTut.app/$(BUNDLE_EXECUTABLE_FOLDER_PATH)/SnapshotTestingTut";
			};
			name = Release;
		};
		DE09557C29ED46F10026FE36 /* Debug */ = {
			isa = XCBuildConfiguration;
			baseConfigurationReference = 27022F62CD1958340D78EF3E /* Pods-SnapshotTestingTut-SnapshotTestingTutUITests.debug.xcconfig */;
			buildSettings = {
				ALWAYS_EMBED_SWIFT_STANDARD_LIBRARIES = YES;
				CODE_SIGN_STYLE = Automatic;
				CURRENT_PROJECT_VERSION = 1;
				GENERATE_INFOPLIST_FILE = YES;
				MARKETING_VERSION = 1.0;
				PRODUCT_BUNDLE_IDENTIFIER = com.Bonginkosi.SnapshotTestingTutUITests;
				PRODUCT_NAME = "$(TARGET_NAME)";
				SWIFT_EMIT_LOC_STRINGS = NO;
				SWIFT_VERSION = 5.0;
				TARGETED_DEVICE_FAMILY = "1,2";
				TEST_TARGET_NAME = SnapshotTestingTut;
			};
			name = Debug;
		};
		DE09557D29ED46F10026FE36 /* Release */ = {
			isa = XCBuildConfiguration;
			baseConfigurationReference = 355621C7A66D7B6CA245376B /* Pods-SnapshotTestingTut-SnapshotTestingTutUITests.release.xcconfig */;
			buildSettings = {
				ALWAYS_EMBED_SWIFT_STANDARD_LIBRARIES = YES;
				CODE_SIGN_STYLE = Automatic;
				CURRENT_PROJECT_VERSION = 1;
				GENERATE_INFOPLIST_FILE = YES;
				MARKETING_VERSION = 1.0;
				PRODUCT_BUNDLE_IDENTIFIER = com.Bonginkosi.SnapshotTestingTutUITests;
				PRODUCT_NAME = "$(TARGET_NAME)";
				SWIFT_EMIT_LOC_STRINGS = NO;
				SWIFT_VERSION = 5.0;
				TARGETED_DEVICE_FAMILY = "1,2";
				TEST_TARGET_NAME = SnapshotTestingTut;
			};
			name = Release;
		};
/* End XCBuildConfiguration section */

/* Begin XCConfigurationList section */
		DE09554629ED46F00026FE36 /* Build configuration list for PBXProject "SnapshotTestingTut" */ = {
			isa = XCConfigurationList;
			buildConfigurations = (
				DE09557329ED46F10026FE36 /* Debug */,
				DE09557429ED46F10026FE36 /* Release */,
			);
			defaultConfigurationIsVisible = 0;
			defaultConfigurationName = Release;
		};
		DE09557529ED46F10026FE36 /* Build configuration list for PBXNativeTarget "SnapshotTestingTut" */ = {
			isa = XCConfigurationList;
			buildConfigurations = (
				DE09557629ED46F10026FE36 /* Debug */,
				DE09557729ED46F10026FE36 /* Release */,
			);
			defaultConfigurationIsVisible = 0;
			defaultConfigurationName = Release;
		};
		DE09557829ED46F10026FE36 /* Build configuration list for PBXNativeTarget "SnapshotTestingTutTests" */ = {
			isa = XCConfigurationList;
			buildConfigurations = (
				DE09557929ED46F10026FE36 /* Debug */,
				DE09557A29ED46F10026FE36 /* Release */,
			);
			defaultConfigurationIsVisible = 0;
			defaultConfigurationName = Release;
		};
		DE09557B29ED46F10026FE36 /* Build configuration list for PBXNativeTarget "SnapshotTestingTutUITests" */ = {
			isa = XCConfigurationList;
			buildConfigurations = (
				DE09557C29ED46F10026FE36 /* Debug */,
				DE09557D29ED46F10026FE36 /* Release */,
			);
			defaultConfigurationIsVisible = 0;
			defaultConfigurationName = Release;
		};
/* End XCConfigurationList section */
	};
	rootObject = DE09554329ED46F00026FE36 /* Project object */;
}
